// !$*UTF8*$!
{
	archiveVersion = 1;
	classes = {
	};
	objectVersion = 46;
	objects = {

/* Begin PBXBuildFile section */
		6DD1A58D1A429194006B950E /* main.m in Sources */ = {isa = PBXBuildFile; fileRef = 6DD1A58C1A429194006B950E /* main.m */; };
		6DD1A5901A429194006B950E /* AppDelegate.m in Sources */ = {isa = PBXBuildFile; fileRef = 6DD1A58F1A429194006B950E /* AppDelegate.m */; };
		6DD1A5961A429194006B950E /* Main.storyboard in Resources */ = {isa = PBXBuildFile; fileRef = 6DD1A5941A429194006B950E /* Main.storyboard */; };
		6DD1A5981A429194006B950E /* Images.xcassets in Resources */ = {isa = PBXBuildFile; fileRef = 6DD1A5971A429194006B950E /* Images.xcassets */; };
		6DD1A59B1A429194006B950E /* LaunchScreen.xib in Resources */ = {isa = PBXBuildFile; fileRef = 6DD1A5991A429194006B950E /* LaunchScreen.xib */; };
		6DD1A5A71A429194006B950E /* albumTests.m in Sources */ = {isa = PBXBuildFile; fileRef = 6DD1A5A61A429194006B950E /* albumTests.m */; };
		6DD1A5B51A429B56006B950E /* MasterTableViewController.m in Sources */ = {isa = PBXBuildFile; fileRef = 6DD1A5B41A429B56006B950E /* MasterTableViewController.m */; };
		6DD1A5B81A429CAB006B950E /* Album.m in Sources */ = {isa = PBXBuildFile; fileRef = 6DD1A5B71A429CAB006B950E /* Album.m */; };
		6DD1A5BB1A42ACB1006B950E /* AlbumDataController.m in Sources */ = {isa = PBXBuildFile; fileRef = 6DD1A5BA1A42ACB1006B950E /* AlbumDataController.m */; };
		6DD1A5BE1A42BDB9006B950E /* DetailViewController.m in Sources */ = {isa = PBXBuildFile; fileRef = 6DD1A5BD1A42BDB9006B950E /* DetailViewController.m */; };
/* End PBXBuildFile section */

/* Begin PBXContainerItemProxy section */
		6DD1A5A11A429194006B950E /* PBXContainerItemProxy */ = {
			isa = PBXContainerItemProxy;
			containerPortal = 6DD1A57F1A429194006B950E /* Project object */;
			proxyType = 1;
			remoteGlobalIDString = 6DD1A5861A429194006B950E;
			remoteInfo = album;
		};
/* End PBXContainerItemProxy section */

/* Begin PBXFileReference section */
		6DD1A5871A429194006B950E /* album.app */ = {isa = PBXFileReference; explicitFileType = wrapper.application; includeInIndex = 0; path = album.app; sourceTree = BUILT_PRODUCTS_DIR; };
		6DD1A58B1A429194006B950E /* Info.plist */ = {isa = PBXFileReference; lastKnownFileType = text.plist.xml; path = Info.plist; sourceTree = "<group>"; };
		6DD1A58C1A429194006B950E /* main.m */ = {isa = PBXFileReference; lastKnownFileType = sourcecode.c.objc; path = main.m; sourceTree = "<group>"; };
		6DD1A58E1A429194006B950E /* AppDelegate.h */ = {isa = PBXFileReference; lastKnownFileType = sourcecode.c.h; path = AppDelegate.h; sourceTree = "<group>"; };
		6DD1A58F1A429194006B950E /* AppDelegate.m */ = {isa = PBXFileReference; lastKnownFileType = sourcecode.c.objc; path = AppDelegate.m; sourceTree = "<group>"; };
		6DD1A5951A429194006B950E /* Base */ = {isa = PBXFileReference; lastKnownFileType = file.storyboard; name = Base; path = Base.lproj/Main.storyboard; sourceTree = "<group>"; };
		6DD1A5971A429194006B950E /* Images.xcassets */ = {isa = PBXFileReference; lastKnownFileType = folder.assetcatalog; path = Images.xcassets; sourceTree = "<group>"; };
		6DD1A59A1A429194006B950E /* Base */ = {isa = PBXFileReference; lastKnownFileType = file.xib; name = Base; path = Base.lproj/LaunchScreen.xib; sourceTree = "<group>"; };
		6DD1A5A01A429194006B950E /* albumTests.xctest */ = {isa = PBXFileReference; explicitFileType = wrapper.cfbundle; includeInIndex = 0; path = albumTests.xctest; sourceTree = BUILT_PRODUCTS_DIR; };
		6DD1A5A51A429194006B950E /* Info.plist */ = {isa = PBXFileReference; lastKnownFileType = text.plist.xml; path = Info.plist; sourceTree = "<group>"; };
		6DD1A5A61A429194006B950E /* albumTests.m */ = {isa = PBXFileReference; lastKnownFileType = sourcecode.c.objc; path = albumTests.m; sourceTree = "<group>"; };
		6DD1A5B31A429B56006B950E /* MasterTableViewController.h */ = {isa = PBXFileReference; fileEncoding = 4; lastKnownFileType = sourcecode.c.h; path = MasterTableViewController.h; sourceTree = "<group>"; };
		6DD1A5B41A429B56006B950E /* MasterTableViewController.m */ = {isa = PBXFileReference; fileEncoding = 4; lastKnownFileType = sourcecode.c.objc; path = MasterTableViewController.m; sourceTree = "<group>"; };
		6DD1A5B61A429CAB006B950E /* Album.h */ = {isa = PBXFileReference; fileEncoding = 4; lastKnownFileType = sourcecode.c.h; path = Album.h; sourceTree = "<group>"; };
		6DD1A5B71A429CAB006B950E /* Album.m */ = {isa = PBXFileReference; fileEncoding = 4; lastKnownFileType = sourcecode.c.objc; path = Album.m; sourceTree = "<group>"; };
		6DD1A5B91A42ACB1006B950E /* AlbumDataController.h */ = {isa = PBXFileReference; fileEncoding = 4; lastKnownFileType = sourcecode.c.h; path = AlbumDataController.h; sourceTree = "<group>"; };
		6DD1A5BA1A42ACB1006B950E /* AlbumDataController.m */ = {isa = PBXFileReference; fileEncoding = 4; lastKnownFileType = sourcecode.c.objc; path = AlbumDataController.m; sourceTree = "<group>"; };
		6DD1A5BC1A42BDB9006B950E /* DetailViewController.h */ = {isa = PBXFileReference; fileEncoding = 4; lastKnownFileType = sourcecode.c.h; path = DetailViewController.h; sourceTree = "<group>"; };
		6DD1A5BD1A42BDB9006B950E /* DetailViewController.m */ = {isa = PBXFileReference; fileEncoding = 4; lastKnownFileType = sourcecode.c.objc; path = DetailViewController.m; sourceTree = "<group>"; };
/* End PBXFileReference section */

/* Begin PBXFrameworksBuildPhase section */
		6DD1A5841A429194006B950E /* Frameworks */ = {
			isa = PBXFrameworksBuildPhase;
			buildActionMask = 2147483647;
			files = (
			);
			runOnlyForDeploymentPostprocessing = 0;
		};
		6DD1A59D1A429194006B950E /* Frameworks */ = {
			isa = PBXFrameworksBuildPhase;
			buildActionMask = 2147483647;
			files = (
			);
			runOnlyForDeploymentPostprocessing = 0;
		};
/* End PBXFrameworksBuildPhase section */

/* Begin PBXGroup section */
		6DD1A57E1A429194006B950E = {
			isa = PBXGroup;
			children = (
				6DD1A5891A429194006B950E /* album */,
				6DD1A5A31A429194006B950E /* albumTests */,
				6DD1A5881A429194006B950E /* Products */,
			);
			sourceTree = "<group>";
		};
		6DD1A5881A429194006B950E /* Products */ = {
			isa = PBXGroup;
			children = (
				6DD1A5871A429194006B950E /* album.app */,
				6DD1A5A01A429194006B950E /* albumTests.xctest */,
			);
			name = Products;
			sourceTree = "<group>";
		};
		6DD1A5891A429194006B950E /* album */ = {
			isa = PBXGroup;
			children = (
				6DD1A58E1A429194006B950E /* AppDelegate.h */,
				6DD1A58F1A429194006B950E /* AppDelegate.m */,
				6DD1A5941A429194006B950E /* Main.storyboard */,
				6DD1A5971A429194006B950E /* Images.xcassets */,
				6DD1A5991A429194006B950E /* LaunchScreen.xib */,
				6DD1A58A1A429194006B950E /* Supporting Files */,
				6DD1A5B31A429B56006B950E /* MasterTableViewController.h */,
				6DD1A5B41A429B56006B950E /* MasterTableViewController.m */,
				6DD1A5B61A429CAB006B950E /* Album.h */,
				6DD1A5B71A429CAB006B950E /* Album.m */,
				6DD1A5B91A42ACB1006B950E /* AlbumDataController.h */,
				6DD1A5BA1A42ACB1006B950E /* AlbumDataController.m */,
				6DD1A5BC1A42BDB9006B950E /* DetailViewController.h */,
				6DD1A5BD1A42BDB9006B950E /* DetailViewController.m */,
			);
			path = album;
			sourceTree = "<group>";
		};
		6DD1A58A1A429194006B950E /* Supporting Files */ = {
			isa = PBXGroup;
			children = (
				6DD1A58B1A429194006B950E /* Info.plist */,
				6DD1A58C1A429194006B950E /* main.m */,
			);
			name = "Supporting Files";
			sourceTree = "<group>";
		};
		6DD1A5A31A429194006B950E /* albumTests */ = {
			isa = PBXGroup;
			children = (
				6DD1A5A61A429194006B950E /* albumTests.m */,
				6DD1A5A41A429194006B950E /* Supporting Files */,
			);
			path = albumTests;
			sourceTree = "<group>";
		};
		6DD1A5A41A429194006B950E /* Supporting Files */ = {
			isa = PBXGroup;
			children = (
				6DD1A5A51A429194006B950E /* Info.plist */,
			);
			name = "Supporting Files";
			sourceTree = "<group>";
		};
/* End PBXGroup section */

/* Begin PBXNativeTarget section */
		6DD1A5861A429194006B950E /* album */ = {
			isa = PBXNativeTarget;
			buildConfigurationList = 6DD1A5AA1A429194006B950E /* Build configuration list for PBXNativeTarget "album" */;
			buildPhases = (
				6DD1A5831A429194006B950E /* Sources */,
				6DD1A5841A429194006B950E /* Frameworks */,
				6DD1A5851A429194006B950E /* Resources */,
			);
			buildRules = (
			);
			dependencies = (
			);
			name = album;
			productName = album;
			productReference = 6DD1A5871A429194006B950E /* album.app */;
			productType = "com.apple.product-type.application";
		};
		6DD1A59F1A429194006B950E /* albumTests */ = {
			isa = PBXNativeTarget;
			buildConfigurationList = 6DD1A5AD1A429194006B950E /* Build configuration list for PBXNativeTarget "albumTests" */;
			buildPhases = (
				6DD1A59C1A429194006B950E /* Sources */,
				6DD1A59D1A429194006B950E /* Frameworks */,
				6DD1A59E1A429194006B950E /* Resources */,
			);
			buildRules = (
			);
			dependencies = (
				6DD1A5A21A429194006B950E /* PBXTargetDependency */,
			);
			name = albumTests;
			productName = albumTests;
			productReference = 6DD1A5A01A429194006B950E /* albumTests.xctest */;
			productType = "com.apple.product-type.bundle.unit-test";
		};
/* End PBXNativeTarget section */

/* Begin PBXProject section */
		6DD1A57F1A429194006B950E /* Project object */ = {
			isa = PBXProject;
			attributes = {
				LastUpgradeCheck = 0610;
				ORGANIZATIONNAME = kazu;
				TargetAttributes = {
					6DD1A5861A429194006B950E = {
						CreatedOnToolsVersion = 6.1;
					};
					6DD1A59F1A429194006B950E = {
						CreatedOnToolsVersion = 6.1;
						TestTargetID = 6DD1A5861A429194006B950E;
					};
				};
			};
			buildConfigurationList = 6DD1A5821A429194006B950E /* Build configuration list for PBXProject "album" */;
			compatibilityVersion = "Xcode 3.2";
			developmentRegion = English;
			hasScannedForEncodings = 0;
			knownRegions = (
				en,
				Base,
			);
			mainGroup = 6DD1A57E1A429194006B950E;
			productRefGroup = 6DD1A5881A429194006B950E /* Products */;
			projectDirPath = "";
			projectRoot = "";
			targets = (
				6DD1A5861A429194006B950E /* album */,
				6DD1A59F1A429194006B950E /* albumTests */,
			);
		};
/* End PBXProject section */

/* Begin PBXResourcesBuildPhase section */
		6DD1A5851A429194006B950E /* Resources */ = {
			isa = PBXResourcesBuildPhase;
			buildActionMask = 2147483647;
			files = (
				6DD1A5961A429194006B950E /* Main.storyboard in Resources */,
				6DD1A59B1A429194006B950E /* LaunchScreen.xib in Resources */,
				6DD1A5981A429194006B950E /* Images.xcassets in Resources */,
			);
			runOnlyForDeploymentPostprocessing = 0;
		};
		6DD1A59E1A429194006B950E /* Resources */ = {
			isa = PBXResourcesBuildPhase;
			buildActionMask = 2147483647;
			files = (
			);
			runOnlyForDeploymentPostprocessing = 0;
		};
/* End PBXResourcesBuildPhase section */

/* Begin PBXSourcesBuildPhase section */
		6DD1A5831A429194006B950E /* Sources */ = {
			isa = PBXSourcesBuildPhase;
			buildActionMask = 2147483647;
			files = (
				6DD1A5BB1A42ACB1006B950E /* AlbumDataController.m in Sources */,
				6DD1A5901A429194006B950E /* AppDelegate.m in Sources */,
				6DD1A58D1A429194006B950E /* main.m in Sources */,
				6DD1A5B51A429B56006B950E /* MasterTableViewController.m in Sources */,
				6DD1A5B81A429CAB006B950E /* Album.m in Sources */,
				6DD1A5BE1A42BDB9006B950E /* DetailViewController.m in Sources */,
			);
			runOnlyForDeploymentPostprocessing = 0;
		};
		6DD1A59C1A429194006B950E /* Sources */ = {
			isa = PBXSourcesBuildPhase;
			buildActionMask = 2147483647;
			files = (
				6DD1A5A71A429194006B950E /* albumTests.m in Sources */,
			);
			runOnlyForDeploymentPostprocessing = 0;
		};
/* End PBXSourcesBuildPhase section */

/* Begin PBXTargetDependency section */
		6DD1A5A21A429194006B950E /* PBXTargetDependency */ = {
			isa = PBXTargetDependency;
			target = 6DD1A5861A429194006B950E /* album */;
			targetProxy = 6DD1A5A11A429194006B950E /* PBXContainerItemProxy */;
		};
/* End PBXTargetDependency section */

/* Begin PBXVariantGroup section */
		6DD1A5941A429194006B950E /* Main.storyboard */ = {
			isa = PBXVariantGroup;
			children = (
				6DD1A5951A429194006B950E /* Base */,
			);
			name = Main.storyboard;
			sourceTree = "<group>";
		};
		6DD1A5991A429194006B950E /* LaunchScreen.xib */ = {
			isa = PBXVariantGroup;
			children = (
				6DD1A59A1A429194006B950E /* Base */,
			);
			name = LaunchScreen.xib;
			sourceTree = "<group>";
		};
/* End PBXVariantGroup section */

/* Begin XCBuildConfiguration section */
		6DD1A5A81A429194006B950E /* Debug */ = {
			isa = XCBuildConfiguration;
			buildSettings = {
				ALWAYS_SEARCH_USER_PATHS = NO;
				CLANG_CXX_LANGUAGE_STANDARD = "gnu++0x";
				CLANG_CXX_LIBRARY = "libc++";
				CLANG_ENABLE_MODULES = YES;
				CLANG_ENABLE_OBJC_ARC = YES;
				CLANG_WARN_BOOL_CONVERSION = YES;
				CLANG_WARN_CONSTANT_CONVERSION = YES;
				CLANG_WARN_DIRECT_OBJC_ISA_USAGE = YES_ERROR;
				CLANG_WARN_EMPTY_BODY = YES;
				CLANG_WARN_ENUM_CONVERSION = YES;
				CLANG_WARN_INT_CONVERSION = YES;
				CLANG_WARN_OBJC_ROOT_CLASS = YES_ERROR;
				CLANG_WARN_UNREACHABLE_CODE = YES;
				CLANG_WARN__DUPLICATE_METHOD_MATCH = YES;
				"CODE_SIGN_IDENTITY[sdk=iphoneos*]" = "iPhone Developer";
				COPY_PHASE_STRIP = NO;
				ENABLE_STRICT_OBJC_MSGSEND = YES;
				GCC_C_LANGUAGE_STANDARD = gnu99;
				GCC_DYNAMIC_NO_PIC = NO;
				GCC_OPTIMIZATION_LEVEL = 0;
				GCC_PREPROCESSOR_DEFINITIONS = (
					"DEBUG=1",
					"$(inherited)",
				);
				GCC_SYMBOLS_PRIVATE_EXTERN = NO;
				GCC_WARN_64_TO_32_BIT_CONVERSION = YES;
				GCC_WARN_ABOUT_RETURN_TYPE = YES_ERROR;
				GCC_WARN_UNDECLARED_SELECTOR = YES;
				GCC_WARN_UNINITIALIZED_AUTOS = YES_AGGRESSIVE;
				GCC_WARN_UNUSED_FUNCTION = YES;
				GCC_WARN_UNUSED_VARIABLE = YES;
				IPHONEOS_DEPLOYMENT_TARGET = 8.1;
				MTL_ENABLE_DEBUG_INFO = YES;
				ONLY_ACTIVE_ARCH = YES;
				SDKROOT = iphoneos;
			};
			name = Debug;
		};
		6DD1A5A91A429194006B950E /* Release */ = {
			isa = XCBuildConfiguration;
			buildSettings = {
				ALWAYS_SEARCH_USER_PATHS = NO;
				CLANG_CXX_LANGUAGE_STANDARD = "gnu++0x";
				CLANG_CXX_LIBRARY = "libc++";
				CLANG_ENABLE_MODULES = YES;
				CLANG_ENABLE_OBJC_ARC = YES;
				CLANG_WARN_BOOL_CONVERSION = YES;
				CLANG_WARN_CONSTANT_CONVERSION = YES;
				CLANG_WARN_DIRECT_OBJC_ISA_USAGE = YES_ERROR;
				CLANG_WARN_EMPTY_BODY = YES;
				CLANG_WARN_ENUM_CONVERSION = YES;
				CLANG_WARN_INT_CONVERSION = YES;
				CLANG_WARN_OBJC_ROOT_CLASS = YES_ERROR;
				CLANG_WARN_UNREACHABLE_CODE = YES;
				CLANG_WARN__DUPLICATE_METHOD_MATCH = YES;
				"CODE_SIGN_IDENTITY[sdk=iphoneos*]" = "iPhone Developer";
				COPY_PHASE_STRIP = YES;
				ENABLE_NS_ASSERTIONS = NO;
				ENABLE_STRICT_OBJC_MSGSEND = YES;
				GCC_C_LANGUAGE_STANDARD = gnu99;
				GCC_WARN_64_TO_32_BIT_CONVERSION = YES;
				GCC_WARN_ABOUT_RETURN_TYPE = YES_ERROR;
				GCC_WARN_UNDECLARED_SELECTOR = YES;
				GCC_WARN_UNINITIALIZED_AUTOS = YES_AGGRESSIVE;
				GCC_WARN_UNUSED_FUNCTION = YES;
				GCC_WARN_UNUSED_VARIABLE = YES;
				IPHONEOS_DEPLOYMENT_TARGET = 8.1;
				MTL_ENABLE_DEBUG_INFO = NO;
				SDKROOT = iphoneos;
				VALIDATE_PRODUCT = YES;
			};
			name = Release;
		};
		6DD1A5AB1A429194006B950E /* Debug */ = {
			isa = XCBuildConfiguration;
			buildSettings = {
				ASSETCATALOG_COMPILER_APPICON_NAME = AppIcon;
				INFOPLIST_FILE = album/Info.plist;
				LD_RUNPATH_SEARCH_PATHS = "$(inherited) @executable_path/Frameworks";
				PRODUCT_NAME = "$(TARGET_NAME)";
			};
			name = Debug;
		};
		6DD1A5AC1A429194006B950E /* Release */ = {
			isa = XCBuildConfiguration;
			buildSettings = {
				ASSETCATALOG_COMPILER_APPICON_NAME = AppIcon;
				INFOPLIST_FILE = album/Info.plist;
				LD_RUNPATH_SEARCH_PATHS = "$(inherited) @executable_path/Frameworks";
				PRODUCT_NAME = "$(TARGET_NAME)";
			};
			name = Release;
		};
		6DD1A5AE1A429194006B950E /* Debug */ = {
			isa = XCBuildConfiguration;
			buildSettings = {
				BUNDLE_LOADER = "$(TEST_HOST)";
				FRAMEWORK_SEARCH_PATHS = (
					"$(SDKROOT)/Developer/Library/Frameworks",
					"$(inherited)",
				);
				GCC_PREPROCESSOR_DEFINITIONS = (
					"DEBUG=1",
					"$(inherited)",
				);
				INFOPLIST_FILE = albumTests/Info.plist;
				LD_RUNPATH_SEARCH_PATHS = "$(inherited) @executable_path/Frameworks @loader_path/Frameworks";
				PRODUCT_NAME = "$(TARGET_NAME)";
				TEST_HOST = "$(BUILT_PRODUCTS_DIR)/album.app/album";
			};
			name = Debug;
		};
		6DD1A5AF1A429194006B950E /* Release */ = {
			isa = XCBuildConfiguration;
			buildSettings = {
				BUNDLE_LOADER = "$(TEST_HOST)";
				FRAMEWORK_SEARCH_PATHS = (
					"$(SDKROOT)/Developer/Library/Frameworks",
					"$(inherited)",
				);
				INFOPLIST_FILE = albumTests/Info.plist;
				LD_RUNPATH_SEARCH_PATHS = "$(inherited) @executable_path/Frameworks @loader_path/Frameworks";
				PRODUCT_NAME = "$(TARGET_NAME)";
				TEST_HOST = "$(BUILT_PRODUCTS_DIR)/album.app/album";
			};
			name = Release;
		};
/* End XCBuildConfiguration section */

/* Begin XCConfigurationList section */
		6DD1A5821A429194006B950E /* Build configuration list for PBXProject "album" */ = {
			isa = XCConfigurationList;
			buildConfigurations = (
				6DD1A5A81A429194006B950E /* Debug */,
				6DD1A5A91A429194006B950E /* Release */,
			);
			defaultConfigurationIsVisible = 0;
			defaultConfigurationName = Release;
		};
		6DD1A5AA1A429194006B950E /* Build configuration list for PBXNativeTarget "album" */ = {
			isa = XCConfigurationList;
			buildConfigurations = (
				6DD1A5AB1A429194006B950E /* Debug */,
				6DD1A5AC1A429194006B950E /* Release */,
			);
			defaultConfigurationIsVisible = 0;
			defaultConfigurationName = Release;
		};
		6DD1A5AD1A429194006B950E /* Build configuration list for PBXNativeTarget "albumTests" */ = {
			isa = XCConfigurationList;
			buildConfigurations = (
				6DD1A5AE1A429194006B950E /* Debug */,
				6DD1A5AF1A429194006B950E /* Release */,
			);
			defaultConfigurationIsVisible = 0;
			defaultConfigurationName = Release;
		};
/* End XCConfigurationList section */
	};
	rootObject = 6DD1A57F1A429194006B950E /* Project object */;
}
